
Microsoft Visual Studio Solution File, Format Version 12.00
# Visual Studio Version 16
VisualStudioVersion = 16.0.30204.135
MinimumVisualStudioVersion = 10.0.40219.1
Project("{9A19103F-16F7-4668-BE54-9A1E7A4F7556}") = "Soccer2.Common", "Soccer2.Common\Soccer2.Common.csproj", "{E1ED37B5-ECFE-4246-98DD-ED1A3BC45A82}"
EndProject
Project("{9A19103F-16F7-4668-BE54-9A1E7A4F7556}") = "Soccer2.Web", "Soccer2.Web\Soccer2.Web.csproj", "{12B3E5D7-A7B7-4E06-BF8F-8640FA59ADE5}"
EndProject
Project("{FAE04EC0-301F-11D3-BF4B-00C04F79EFBC}") = "Soccer2.Prism", "Soccer2.Prism\Soccer2.Prism\Soccer2.Prism.csproj", "{D907358F-3D94-455A-A7B1-57570BBAB254}"
EndProject
Project("{FAE04EC0-301F-11D3-BF4B-00C04F79EFBC}") = "Soccer2.Prism.Android", "Soccer2.Prism\Soccer2.Prism.Android\Soccer2.Prism.Android.csproj", "{1B413ED2-D1C4-4BAB-B9E4-A7B9E2D2E99C}"
EndProject
Project("{FAE04EC0-301F-11D3-BF4B-00C04F79EFBC}") = "Soccer2.Prism.iOS", "Soccer2.Prism\Soccer2.Prism.iOS\Soccer2.Prism.iOS.csproj", "{56510C32-748B-4CE4-A9F9-900A3695A71E}"
EndProject
Project("{FAE04EC0-301F-11D3-BF4B-00C04F79EFBC}") = "Soccer2.Cross.Android", "Soccer2.Cross.Android\Soccer2.Cross.Android.csproj", "{CC115639-7B96-4514-9FED-7267C2F2AF95}"
EndProject
Global
	GlobalSection(SolutionConfigurationPlatforms) = preSolution
		Ad-Hoc|Any CPU = Ad-Hoc|Any CPU
		Ad-Hoc|iPhone = Ad-Hoc|iPhone
		Ad-Hoc|iPhoneSimulator = Ad-Hoc|iPhoneSimulator
		AppStore|Any CPU = AppStore|Any CPU
		AppStore|iPhone = AppStore|iPhone
		AppStore|iPhoneSimulator = AppStore|iPhoneSimulator
		Debug|Any CPU = Debug|Any CPU
		Debug|iPhone = Debug|iPhone
		Debug|iPhoneSimulator = Debug|iPhoneSimulator
		Release|Any CPU = Release|Any CPU
		Release|iPhone = Release|iPhone
		Release|iPhoneSimulator = Release|iPhoneSimulator
	EndGlobalSection
	GlobalSection(ProjectConfigurationPlatforms) = postSolution
		{E1ED37B5-ECFE-4246-98DD-ED1A3BC45A82}.Ad-Hoc|Any CPU.ActiveCfg = Release|Any CPU
		{E1ED37B5-ECFE-4246-98DD-ED1A3BC45A82}.Ad-Hoc|Any CPU.Build.0 = Release|Any CPU
		{E1ED37B5-ECFE-4246-98DD-ED1A3BC45A82}.Ad-Hoc|iPhone.ActiveCfg = Release|Any CPU
		{E1ED37B5-ECFE-4246-98DD-ED1A3BC45A82}.Ad-Hoc|iPhone.Build.0 = Release|Any CPU
		{E1ED37B5-ECFE-4246-98DD-ED1A3BC45A82}.Ad-Hoc|iPhoneSimulator.ActiveCfg = Release|Any CPU
		{E1ED37B5-ECFE-4246-98DD-ED1A3BC45A82}.Ad-Hoc|iPhoneSimulator.Build.0 = Release|Any CPU
		{E1ED37B5-ECFE-4246-98DD-ED1A3BC45A82}.AppStore|Any CPU.ActiveCfg = Release|Any CPU
		{E1ED37B5-ECFE-4246-98DD-ED1A3BC45A82}.AppStore|Any CPU.Build.0 = Release|Any CPU
		{E1ED37B5-ECFE-4246-98DD-ED1A3BC45A82}.AppStore|iPhone.ActiveCfg = Release|Any CPU
		{E1ED37B5-ECFE-4246-98DD-ED1A3BC45A82}.AppStore|iPhone.Build.0 = Release|Any CPU
		{E1ED37B5-ECFE-4246-98DD-ED1A3BC45A82}.AppStore|iPhoneSimulator.ActiveCfg = Release|Any CPU
		{E1ED37B5-ECFE-4246-98DD-ED1A3BC45A82}.AppStore|iPhoneSimulator.Build.0 = Release|Any CPU
		{E1ED37B5-ECFE-4246-98DD-ED1A3BC45A82}.Debug|Any CPU.ActiveCfg = Debug|Any CPU
		{E1ED37B5-ECFE-4246-98DD-ED1A3BC45A82}.Debug|Any CPU.Build.0 = Debug|Any CPU
		{E1ED37B5-ECFE-4246-98DD-ED1A3BC45A82}.Debug|iPhone.ActiveCfg = Debug|Any CPU
		{E1ED37B5-ECFE-4246-98DD-ED1A3BC45A82}.Debug|iPhone.Build.0 = Debug|Any CPU
		{E1ED37B5-ECFE-4246-98DD-ED1A3BC45A82}.Debug|iPhoneSimulator.ActiveCfg = Debug|Any CPU
		{E1ED37B5-ECFE-4246-98DD-ED1A3BC45A82}.Debug|iPhoneSimulator.Build.0 = Debug|Any CPU
		{E1ED37B5-ECFE-4246-98DD-ED1A3BC45A82}.Release|Any CPU.ActiveCfg = Release|Any CPU
		{E1ED37B5-ECFE-4246-98DD-ED1A3BC45A82}.Release|Any CPU.Build.0 = Release|Any CPU
		{E1ED37B5-ECFE-4246-98DD-ED1A3BC45A82}.Release|iPhone.ActiveCfg = Release|Any CPU
		{E1ED37B5-ECFE-4246-98DD-ED1A3BC45A82}.Release|iPhone.Build.0 = Release|Any CPU
		{E1ED37B5-ECFE-4246-98DD-ED1A3BC45A82}.Release|iPhoneSimulator.ActiveCfg = Release|Any CPU
		{E1ED37B5-ECFE-4246-98DD-ED1A3BC45A82}.Release|iPhoneSimulator.Build.0 = Release|Any CPU
		{12B3E5D7-A7B7-4E06-BF8F-8640FA59ADE5}.Ad-Hoc|Any CPU.ActiveCfg = Release|Any CPU
		{12B3E5D7-A7B7-4E06-BF8F-8640FA59ADE5}.Ad-Hoc|Any CPU.Build.0 = Release|Any CPU
		{12B3E5D7-A7B7-4E06-BF8F-8640FA59ADE5}.Ad-Hoc|iPhone.ActiveCfg = Release|Any CPU
		{12B3E5D7-A7B7-4E06-BF8F-8640FA59ADE5}.Ad-Hoc|iPhone.Build.0 = Release|Any CPU
		{12B3E5D7-A7B7-4E06-BF8F-8640FA59ADE5}.Ad-Hoc|iPhoneSimulator.ActiveCfg = Release|Any CPU
		{12B3E5D7-A7B7-4E06-BF8F-8640FA59ADE5}.Ad-Hoc|iPhoneSimulator.Build.0 = Release|Any CPU
		{12B3E5D7-A7B7-4E06-BF8F-8640FA59ADE5}.AppStore|Any CPU.ActiveCfg = Release|Any CPU
		{12B3E5D7-A7B7-4E06-BF8F-8640FA59ADE5}.AppStore|Any CPU.Build.0 = Release|Any CPU
		{12B3E5D7-A7B7-4E06-BF8F-8640FA59ADE5}.AppStore|iPhone.ActiveCfg = Release|Any CPU
		{12B3E5D7-A7B7-4E06-BF8F-8640FA59ADE5}.AppStore|iPhone.Build.0 = Release|Any CPU
		{12B3E5D7-A7B7-4E06-BF8F-8640FA59ADE5}.AppStore|iPhoneSimulator.ActiveCfg = Release|Any CPU
		{12B3E5D7-A7B7-4E06-BF8F-8640FA59ADE5}.AppStore|iPhoneSimulator.Build.0 = Release|Any CPU
		{12B3E5D7-A7B7-4E06-BF8F-8640FA59ADE5}.Debug|Any CPU.ActiveCfg = Debug|Any CPU
		{12B3E5D7-A7B7-4E06-BF8F-8640FA59ADE5}.Debug|Any CPU.Build.0 = Debug|Any CPU
		{12B3E5D7-A7B7-4E06-BF8F-8640FA59ADE5}.Debug|iPhone.ActiveCfg = Debug|Any CPU
		{12B3E5D7-A7B7-4E06-BF8F-8640FA59ADE5}.Debug|iPhone.Build.0 = Debug|Any CPU
		{12B3E5D7-A7B7-4E06-BF8F-8640FA59ADE5}.Debug|iPhoneSimulator.ActiveCfg = Debug|Any CPU
		{12B3E5D7-A7B7-4E06-BF8F-8640FA59ADE5}.Debug|iPhoneSimulator.Build.0 = Debug|Any CPU
		{12B3E5D7-A7B7-4E06-BF8F-8640FA59ADE5}.Release|Any CPU.ActiveCfg = Release|Any CPU
		{12B3E5D7-A7B7-4E06-BF8F-8640FA59ADE5}.Release|Any CPU.Build.0 = Release|Any CPU
		{12B3E5D7-A7B7-4E06-BF8F-8640FA59ADE5}.Release|iPhone.ActiveCfg = Release|Any CPU
		{12B3E5D7-A7B7-4E06-BF8F-8640FA59ADE5}.Release|iPhone.Build.0 = Release|Any CPU
		{12B3E5D7-A7B7-4E06-BF8F-8640FA59ADE5}.Release|iPhoneSimulator.ActiveCfg = Release|Any CPU
		{12B3E5D7-A7B7-4E06-BF8F-8640FA59ADE5}.Release|iPhoneSimulator.Build.0 = Release|Any CPU
		{D907358F-3D94-455A-A7B1-57570BBAB254}.Ad-Hoc|Any CPU.ActiveCfg = Debug|Any CPU
		{D907358F-3D94-455A-A7B1-57570BBAB254}.Ad-Hoc|Any CPU.Build.0 = Debug|Any CPU
		{D907358F-3D94-455A-A7B1-57570BBAB254}.Ad-Hoc|iPhone.ActiveCfg = Debug|Any CPU
		{D907358F-3D94-455A-A7B1-57570BBAB254}.Ad-Hoc|iPhone.Build.0 = Debug|Any CPU
		{D907358F-3D94-455A-A7B1-57570BBAB254}.Ad-Hoc|iPhoneSimulator.ActiveCfg = Debug|Any CPU
		{D907358F-3D94-455A-A7B1-57570BBAB254}.Ad-Hoc|iPhoneSimulator.Build.0 = Debug|Any CPU
		{D907358F-3D94-455A-A7B1-57570BBAB254}.AppStore|Any CPU.ActiveCfg = Debug|Any CPU
		{D907358F-3D94-455A-A7B1-57570BBAB254}.AppStore|Any CPU.Build.0 = Debug|Any CPU
		{D907358F-3D94-455A-A7B1-57570BBAB254}.AppStore|iPhone.ActiveCfg = Debug|Any CPU
		{D907358F-3D94-455A-A7B1-57570BBAB254}.AppStore|iPhone.Build.0 = Debug|Any CPU
		{D907358F-3D94-455A-A7B1-57570BBAB254}.AppStore|iPhoneSimulator.ActiveCfg = Debug|Any CPU
		{D907358F-3D94-455A-A7B1-57570BBAB254}.AppStore|iPhoneSimulator.Build.0 = Debug|Any CPU
		{D907358F-3D94-455A-A7B1-57570BBAB254}.Debug|Any CPU.ActiveCfg = Debug|Any CPU
		{D907358F-3D94-455A-A7B1-57570BBAB254}.Debug|Any CPU.Build.0 = Debug|Any CPU
		{D907358F-3D94-455A-A7B1-57570BBAB254}.Debug|iPhone.ActiveCfg = Debug|Any CPU
		{D907358F-3D94-455A-A7B1-57570BBAB254}.Debug|iPhone.Build.0 = Debug|Any CPU
		{D907358F-3D94-455A-A7B1-57570BBAB254}.Debug|iPhoneSimulator.ActiveCfg = Debug|Any CPU
		{D907358F-3D94-455A-A7B1-57570BBAB254}.Debug|iPhoneSimulator.Build.0 = Debug|Any CPU
		{D907358F-3D94-455A-A7B1-57570BBAB254}.Release|Any CPU.ActiveCfg = Release|Any CPU
		{D907358F-3D94-455A-A7B1-57570BBAB254}.Release|Any CPU.Build.0 = Release|Any CPU
		{D907358F-3D94-455A-A7B1-57570BBAB254}.Release|iPhone.ActiveCfg = Release|Any CPU
		{D907358F-3D94-455A-A7B1-57570BBAB254}.Release|iPhone.Build.0 = Release|Any CPU
		{D907358F-3D94-455A-A7B1-57570BBAB254}.Release|iPhoneSimulator.ActiveCfg = Release|Any CPU
		{D907358F-3D94-455A-A7B1-57570BBAB254}.Release|iPhoneSimulator.Build.0 = Release|Any CPU
		{1B413ED2-D1C4-4BAB-B9E4-A7B9E2D2E99C}.Ad-Hoc|Any CPU.ActiveCfg = Release|Any CPU
		{1B413ED2-D1C4-4BAB-B9E4-A7B9E2D2E99C}.Ad-Hoc|Any CPU.Build.0 = Release|Any CPU
		{1B413ED2-D1C4-4BAB-B9E4-A7B9E2D2E99C}.Ad-Hoc|Any CPU.Deploy.0 = Release|Any CPU
		{1B413ED2-D1C4-4BAB-B9E4-A7B9E2D2E99C}.Ad-Hoc|iPhone.ActiveCfg = Release|Any CPU
		{1B413ED2-D1C4-4BAB-B9E4-A7B9E2D2E99C}.Ad-Hoc|iPhone.Build.0 = Release|Any CPU
		{1B413ED2-D1C4-4BAB-B9E4-A7B9E2D2E99C}.Ad-Hoc|iPhone.Deploy.0 = Release|Any CPU
		{1B413ED2-D1C4-4BAB-B9E4-A7B9E2D2E99C}.Ad-Hoc|iPhoneSimulator.ActiveCfg = Release|Any CPU
		{1B413ED2-D1C4-4BAB-B9E4-A7B9E2D2E99C}.Ad-Hoc|iPhoneSimulator.Build.0 = Release|Any CPU
		{1B413ED2-D1C4-4BAB-B9E4-A7B9E2D2E99C}.Ad-Hoc|iPhoneSimulator.Deploy.0 = Release|Any CPU
		{1B413ED2-D1C4-4BAB-B9E4-A7B9E2D2E99C}.AppStore|Any CPU.ActiveCfg = Release|Any CPU
		{1B413ED2-D1C4-4BAB-B9E4-A7B9E2D2E99C}.AppStore|Any CPU.Build.0 = Release|Any CPU
		{1B413ED2-D1C4-4BAB-B9E4-A7B9E2D2E99C}.AppStore|Any CPU.Deploy.0 = Release|Any CPU
		{1B413ED2-D1C4-4BAB-B9E4-A7B9E2D2E99C}.AppStore|iPhone.ActiveCfg = Release|Any CPU
		{1B413ED2-D1C4-4BAB-B9E4-A7B9E2D2E99C}.AppStore|iPhone.Build.0 = Release|Any CPU
		{1B413ED2-D1C4-4BAB-B9E4-A7B9E2D2E99C}.AppStore|iPhone.Deploy.0 = Release|Any CPU
		{1B413ED2-D1C4-4BAB-B9E4-A7B9E2D2E99C}.AppStore|iPhoneSimulator.ActiveCfg = Release|Any CPU
		{1B413ED2-D1C4-4BAB-B9E4-A7B9E2D2E99C}.AppStore|iPhoneSimulator.Build.0 = Release|Any CPU
		{1B413ED2-D1C4-4BAB-B9E4-A7B9E2D2E99C}.AppStore|iPhoneSimulator.Deploy.0 = Release|Any CPU
		{1B413ED2-D1C4-4BAB-B9E4-A7B9E2D2E99C}.Debug|Any CPU.ActiveCfg = Debug|Any CPU
		{1B413ED2-D1C4-4BAB-B9E4-A7B9E2D2E99C}.Debug|Any CPU.Build.0 = Debug|Any CPU
		{1B413ED2-D1C4-4BAB-B9E4-A7B9E2D2E99C}.Debug|Any CPU.Deploy.0 = Debug|Any CPU
		{1B413ED2-D1C4-4BAB-B9E4-A7B9E2D2E99C}.Debug|iPhone.ActiveCfg = Debug|Any CPU
		{1B413ED2-D1C4-4BAB-B9E4-A7B9E2D2E99C}.Debug|iPhone.Build.0 = Debug|Any CPU
		{1B413ED2-D1C4-4BAB-B9E4-A7B9E2D2E99C}.Debug|iPhone.Deploy.0 = Debug|Any CPU
		{1B413ED2-D1C4-4BAB-B9E4-A7B9E2D2E99C}.Debug|iPhoneSimulator.ActiveCfg = Debug|Any CPU
		{1B413ED2-D1C4-4BAB-B9E4-A7B9E2D2E99C}.Debug|iPhoneSimulator.Build.0 = Debug|Any CPU
		{1B413ED2-D1C4-4BAB-B9E4-A7B9E2D2E99C}.Debug|iPhoneSimulator.Deploy.0 = Debug|Any CPU
		{1B413ED2-D1C4-4BAB-B9E4-A7B9E2D2E99C}.Release|Any CPU.ActiveCfg = Release|Any CPU
		{1B413ED2-D1C4-4BAB-B9E4-A7B9E2D2E99C}.Release|Any CPU.Build.0 = Release|Any CPU
		{1B413ED2-D1C4-4BAB-B9E4-A7B9E2D2E99C}.Release|Any CPU.Deploy.0 = Release|Any CPU
		{1B413ED2-D1C4-4BAB-B9E4-A7B9E2D2E99C}.Release|iPhone.ActiveCfg = Release|Any CPU
		{1B413ED2-D1C4-4BAB-B9E4-A7B9E2D2E99C}.Release|iPhone.Build.0 = Release|Any CPU
		{1B413ED2-D1C4-4BAB-B9E4-A7B9E2D2E99C}.Release|iPhone.Deploy.0 = Release|Any CPU
		{1B413ED2-D1C4-4BAB-B9E4-A7B9E2D2E99C}.Release|iPhoneSimulator.ActiveCfg = Release|Any CPU
		{1B413ED2-D1C4-4BAB-B9E4-A7B9E2D2E99C}.Release|iPhoneSimulator.Build.0 = Release|Any CPU
		{1B413ED2-D1C4-4BAB-B9E4-A7B9E2D2E99C}.Release|iPhoneSimulator.Deploy.0 = Release|Any CPU
		{56510C32-748B-4CE4-A9F9-900A3695A71E}.Ad-Hoc|Any CPU.ActiveCfg = Ad-Hoc|iPhone
		{56510C32-748B-4CE4-A9F9-900A3695A71E}.Ad-Hoc|iPhone.ActiveCfg = Ad-Hoc|iPhone
		{56510C32-748B-4CE4-A9F9-900A3695A71E}.Ad-Hoc|iPhone.Build.0 = Ad-Hoc|iPhone
		{56510C32-748B-4CE4-A9F9-900A3695A71E}.Ad-Hoc|iPhoneSimulator.ActiveCfg = Ad-Hoc|iPhoneSimulator
		{56510C32-748B-4CE4-A9F9-900A3695A71E}.Ad-Hoc|iPhoneSimulator.Build.0 = Ad-Hoc|iPhoneSimulator
		{56510C32-748B-4CE4-A9F9-900A3695A71E}.AppStore|Any CPU.ActiveCfg = AppStore|iPhone
		{56510C32-748B-4CE4-A9F9-900A3695A71E}.AppStore|iPhone.ActiveCfg = AppStore|iPhone
		{56510C32-748B-4CE4-A9F9-900A3695A71E}.AppStore|iPhone.Build.0 = AppStore|iPhone
		{56510C32-748B-4CE4-A9F9-900A3695A71E}.AppStore|iPhoneSimulator.ActiveCfg = AppStore|iPhoneSimulator
		{56510C32-748B-4CE4-A9F9-900A3695A71E}.AppStore|iPhoneSimulator.Build.0 = AppStore|iPhoneSimulator
		{56510C32-748B-4CE4-A9F9-900A3695A71E}.Debug|Any CPU.ActiveCfg = Debug|iPhone
		{56510C32-748B-4CE4-A9F9-900A3695A71E}.Debug|iPhone.ActiveCfg = Debug|iPhone
		{56510C32-748B-4CE4-A9F9-900A3695A71E}.Debug|iPhone.Build.0 = Debug|iPhone
		{56510C32-748B-4CE4-A9F9-900A3695A71E}.Debug|iPhoneSimulator.ActiveCfg = Debug|iPhoneSimulator
		{56510C32-748B-4CE4-A9F9-900A3695A71E}.Debug|iPhoneSimulator.Build.0 = Debug|iPhoneSimulator
		{56510C32-748B-4CE4-A9F9-900A3695A71E}.Release|Any CPU.ActiveCfg = Release|iPhone
		{56510C32-748B-4CE4-A9F9-900A3695A71E}.Release|iPhone.ActiveCfg = Release|iPhone
		{56510C32-748B-4CE4-A9F9-900A3695A71E}.Release|iPhone.Build.0 = Release|iPhone
		{56510C32-748B-4CE4-A9F9-900A3695A71E}.Release|iPhoneSimulator.ActiveCfg = Release|iPhoneSimulator
		{56510C32-748B-4CE4-A9F9-900A3695A71E}.Release|iPhoneSimulator.Build.0 = Release|iPhoneSimulator
		{CC115639-7B96-4514-9FED-7267C2F2AF95}.Ad-Hoc|Any CPU.ActiveCfg = Release|Any CPU
		{CC115639-7B96-4514-9FED-7267C2F2AF95}.Ad-Hoc|Any CPU.Build.0 = Release|Any CPU
		{CC115639-7B96-4514-9FED-7267C2F2AF95}.Ad-Hoc|Any CPU.Deploy.0 = Release|Any CPU
		{CC115639-7B96-4514-9FED-7267C2F2AF95}.Ad-Hoc|iPhone.ActiveCfg = Release|Any CPU
		{CC115639-7B96-4514-9FED-7267C2F2AF95}.Ad-Hoc|iPhone.Build.0 = Release|Any CPU
		{CC115639-7B96-4514-9FED-7267C2F2AF95}.Ad-Hoc|iPhone.Deploy.0 = Release|Any CPU
		{CC115639-7B96-4514-9FED-7267C2F2AF95}.Ad-Hoc|iPhoneSimulator.ActiveCfg = Release|Any CPU
		{CC115639-7B96-4514-9FED-7267C2F2AF95}.Ad-Hoc|iPhoneSimulator.Build.0 = Release|Any CPU
		{CC115639-7B96-4514-9FED-7267C2F2AF95}.Ad-Hoc|iPhoneSimulator.Deploy.0 = Release|Any CPU
		{CC115639-7B96-4514-9FED-7267C2F2AF95}.AppStore|Any CPU.ActiveCfg = Release|Any CPU
		{CC115639-7B96-4514-9FED-7267C2F2AF95}.AppStore|Any CPU.Build.0 = Release|Any CPU
		{CC115639-7B96-4514-9FED-7267C2F2AF95}.AppStore|Any CPU.Deploy.0 = Release|Any CPU
		{CC115639-7B96-4514-9FED-7267C2F2AF95}.AppStore|iPhone.ActiveCfg = Release|Any CPU
		{CC115639-7B96-4514-9FED-7267C2F2AF95}.AppStore|iPhone.Build.0 = Release|Any CPU
		{CC115639-7B96-4514-9FED-7267C2F2AF95}.AppStore|iPhone.Deploy.0 = Release|Any CPU
		{CC115639-7B96-4514-9FED-7267C2F2AF95}.AppStore|iPhoneSimulator.ActiveCfg = Release|Any CPU
		{CC115639-7B96-4514-9FED-7267C2F2AF95}.AppStore|iPhoneSimulator.Build.0 = Release|Any CPU
		{CC115639-7B96-4514-9FED-7267C2F2AF95}.AppStore|iPhoneSimulator.Deploy.0 = Release|Any CPU
		{CC115639-7B96-4514-9FED-7267C2F2AF95}.Debug|Any CPU.ActiveCfg = Debug|Any CPU
		{CC115639-7B96-4514-9FED-7267C2F2AF95}.Debug|Any CPU.Build.0 = Debug|Any CPU
		{CC115639-7B96-4514-9FED-7267C2F2AF95}.Debug|Any CPU.Deploy.0 = Debug|Any CPU
		{CC115639-7B96-4514-9FED-7267C2F2AF95}.Debug|iPhone.ActiveCfg = Debug|Any CPU
		{CC115639-7B96-4514-9FED-7267C2F2AF95}.Debug|iPhone.Build.0 = Debug|Any CPU
		{CC115639-7B96-4514-9FED-7267C2F2AF95}.Debug|iPhone.Deploy.0 = Debug|Any CPU
		{CC115639-7B96-4514-9FED-7267C2F2AF95}.Debug|iPhoneSimulator.ActiveCfg = Debug|Any CPU
		{CC115639-7B96-4514-9FED-7267C2F2AF95}.Debug|iPhoneSimulator.Build.0 = Debug|Any CPU
		{CC115639-7B96-4514-9FED-7267C2F2AF95}.Debug|iPhoneSimulator.Deploy.0 = Debug|Any CPU
		{CC115639-7B96-4514-9FED-7267C2F2AF95}.Release|Any CPU.ActiveCfg = Release|Any CPU
		{CC115639-7B96-4514-9FED-7267C2F2AF95}.Release|Any CPU.Build.0 = Release|Any CPU
		{CC115639-7B96-4514-9FED-7267C2F2AF95}.Release|Any CPU.Deploy.0 = Release|Any CPU
		{CC115639-7B96-4514-9FED-7267C2F2AF95}.Release|iPhone.ActiveCfg = Release|Any CPU
		{CC115639-7B96-4514-9FED-7267C2F2AF95}.Release|iPhone.Build.0 = Release|Any CPU
		{CC115639-7B96-4514-9FED-7267C2F2AF95}.Release|iPhone.Deploy.0 = Release|Any CPU
		{CC115639-7B96-4514-9FED-7267C2F2AF95}.Release|iPhoneSimulator.ActiveCfg = Release|Any CPU
		{CC115639-7B96-4514-9FED-7267C2F2AF95}.Release|iPhoneSimulator.Build.0 = Release|Any CPU
		{CC115639-7B96-4514-9FED-7267C2F2AF95}.Release|iPhoneSimulator.Deploy.0 = Release|Any CPU
	EndGlobalSection
	GlobalSection(SolutionProperties) = preSolution
		HideSolutionNode = FALSE
	EndGlobalSection
	GlobalSection(ExtensibilityGlobals) = postSolution
		SolutionGuid = {BE97C9C3-74CB-409D-8399-56462A8B6C3D}
	EndGlobalSection
EndGlobal
